{
  "pins" : [
    {
      "identity" : "alamofire",
      "kind" : "remoteSourceControl",
      "location" : "https://github.com/Alamofire/Alamofire.git",
      "state" : {
        "revision" : "f455c2975872ccd2d9c81594c658af65716e9b9a",
        "version" : "5.9.1"
      }
    },
    {
      "identity" : "bitbytedata",
      "kind" : "remoteSourceControl",
      "location" : "https://github.com/tsolomko/BitByteData",
      "state" : {
        "revision" : "cdcdc5177ad536cfb11b95c620f926a81014b7fe",
        "version" : "2.0.4"
      }
    },
    {
      "identity" : "starscream",
      "kind" : "remoteSourceControl",
      "location" : "https://github.com/daltoniam/Starscream",
      "state" : {
        "revision" : "c6bfd1af48efcc9a9ad203665db12375ba6b145a",
        "version" : "4.0.8"
      }
    },
    {
      "identity" : "swcompression",
      "kind" : "remoteSourceControl",
      "location" : "https://github.com/tsolomko/SWCompression",
      "state" : {
        "revision" : "390e0b0af8dd19a600005a242a89e570ff482e09",
        "version" : "4.8.6"
      }
    },
    {
      "identity" : "swift-protobuf",
      "kind" : "remoteSourceControl",
      "location" : "https://github.com/apple/swift-protobuf.git",
      "state" : {
        "revision" : "9f0c76544701845ad98716f3f6a774a892152bcb",
        "version" : "1.26.0"
      }
    },
    {
      "identity" : "swiftyjson",
      "kind" : "remoteSourceControl",
      "location" : "https://github.com/SwiftyJSON/SwiftyJSON",
      "state" : {
        "revision" : "af76cf3ef710b6ca5f8c05f3a31307d44a3c5828",
        "version" : "5.0.2"
      }
    },
    {
      "identity" : "youtubekit",
      "kind" : "remoteSourceControl",
      "location" : "https://github.com/pcccccc/YouTubeKit",
      "state" : {
        "revision" : "19f2cd54b564044d2229400cf3828f22a2bd483f",
        "version" : "0.0.3"
      }
    }
  ],
  "version" : 2
}
